
Microsoft Visual Studio Solution File, Format Version 12.00
# Visual Studio Version 16
VisualStudioVersion = 16.0.29230.47
MinimumVisualStudioVersion = 10.0.40219.1
Project("{8BC9CEB8-8B4A-11D0-8D11-00A0C91BC942}") = "TASInjector", "TASInjector\TASInjector.vcxproj", "{EE1EBF6E-0C6D-49DB-AFBF-6C15DDB51A16}"
EndProject
Project("{8BC9CEB8-8B4A-11D0-8D11-00A0C91BC942}") = "TASDLL", "TASDLL\TASDLL.vcxproj", "{FCFB80AA-1336-4204-9B0C-64BC2528C3F4}"
EndProject
Project("{8BC9CEB8-8B4A-11D0-8D11-00A0C91BC942}") = "PhantomBSPDetector", "PhantomBSPDetector\PhantomBSPDetector.vcxproj", "{78232A61-FAF5-4C57-9870-C8D9108573E6}"
EndProject
Project("{8BC9CEB8-8B4A-11D0-8D11-00A0C91BC942}") = "MCCTAS", "MCCTAS\MCCTAS.vcxproj", "{43D27D5B-A48F-400C-9CDE-2277250D076E}"
	ProjectSection(ProjectDependencies) = postProject
		{DA7A77E5-AE7B-4B09-AB7A-FCA7CDB16484} = {DA7A77E5-AE7B-4B09-AB7A-FCA7CDB16484}
	EndProjectSection
EndProject
Project("{9A19103F-16F7-4668-BE54-9A1E7A4F7556}") = "MCCTASGUI", "MCCTASGUI\MCCTASGUI.csproj", "{BBD5C6F4-CABE-422B-8D28-1BED1344343B}"
EndProject
Project("{FAE04EC0-301F-11D3-BF4B-00C04F79EFBC}") = "HRPatcherGUI", "HRPatcherGUI\HRPatcherGUI.csproj", "{E5168C5A-3CB1-4E74-B4FA-7F0A8E3F0C24}"
EndProject
Project("{8BC9CEB8-8B4A-11D0-8D11-00A0C91BC942}") = "HRPatcher", "HRPatcher\HRPatcher.vcxproj", "{2C1BA4C0-B7B7-4F3B-A879-DA45D337E395}"
EndProject
Project("{8BC9CEB8-8B4A-11D0-8D11-00A0C91BC942}") = "libhalotas", "libhalotas\libhalotas.vcxproj", "{DA7A77E5-AE7B-4B09-AB7A-FCA7CDB16484}"
EndProject
Global
	GlobalSection(SolutionConfigurationPlatforms) = preSolution
		Debug|Any CPU = Debug|Any CPU
		Debug|x64 = Debug|x64
		Debug|x86 = Debug|x86
		Release|Any CPU = Release|Any CPU
		Release|x64 = Release|x64
		Release|x86 = Release|x86
	EndGlobalSection
	GlobalSection(ProjectConfigurationPlatforms) = postSolution
		{EE1EBF6E-0C6D-49DB-AFBF-6C15DDB51A16}.Debug|Any CPU.ActiveCfg = Debug|Win32
		{EE1EBF6E-0C6D-49DB-AFBF-6C15DDB51A16}.Debug|x64.ActiveCfg = Debug|x64
		{EE1EBF6E-0C6D-49DB-AFBF-6C15DDB51A16}.Debug|x86.ActiveCfg = Debug|Win32
		{EE1EBF6E-0C6D-49DB-AFBF-6C15DDB51A16}.Debug|x86.Build.0 = Debug|Win32
		{EE1EBF6E-0C6D-49DB-AFBF-6C15DDB51A16}.Release|Any CPU.ActiveCfg = Release|Win32
		{EE1EBF6E-0C6D-49DB-AFBF-6C15DDB51A16}.Release|x64.ActiveCfg = Release|x64
		{EE1EBF6E-0C6D-49DB-AFBF-6C15DDB51A16}.Release|x86.ActiveCfg = Release|Win32
		{EE1EBF6E-0C6D-49DB-AFBF-6C15DDB51A16}.Release|x86.Build.0 = Release|Win32
		{FCFB80AA-1336-4204-9B0C-64BC2528C3F4}.Debug|Any CPU.ActiveCfg = Debug|Win32
		{FCFB80AA-1336-4204-9B0C-64BC2528C3F4}.Debug|x64.ActiveCfg = Debug|x64
		{FCFB80AA-1336-4204-9B0C-64BC2528C3F4}.Debug|x86.ActiveCfg = Debug|Win32
		{FCFB80AA-1336-4204-9B0C-64BC2528C3F4}.Debug|x86.Build.0 = Debug|Win32
		{FCFB80AA-1336-4204-9B0C-64BC2528C3F4}.Release|Any CPU.ActiveCfg = Release|Win32
		{FCFB80AA-1336-4204-9B0C-64BC2528C3F4}.Release|x64.ActiveCfg = Release|x64
		{FCFB80AA-1336-4204-9B0C-64BC2528C3F4}.Release|x86.ActiveCfg = Release|Win32
		{FCFB80AA-1336-4204-9B0C-64BC2528C3F4}.Release|x86.Build.0 = Release|Win32
		{78232A61-FAF5-4C57-9870-C8D9108573E6}.Debug|Any CPU.ActiveCfg = Debug|Win32
		{78232A61-FAF5-4C57-9870-C8D9108573E6}.Debug|x64.ActiveCfg = Debug|x64
		{78232A61-FAF5-4C57-9870-C8D9108573E6}.Debug|x86.ActiveCfg = Debug|Win32
		{78232A61-FAF5-4C57-9870-C8D9108573E6}.Debug|x86.Build.0 = Debug|Win32
		{78232A61-FAF5-4C57-9870-C8D9108573E6}.Release|Any CPU.ActiveCfg = Release|Win32
		{78232A61-FAF5-4C57-9870-C8D9108573E6}.Release|x64.ActiveCfg = Release|x64
		{78232A61-FAF5-4C57-9870-C8D9108573E6}.Release|x86.ActiveCfg = Release|Win32
		{78232A61-FAF5-4C57-9870-C8D9108573E6}.Release|x86.Build.0 = Release|Win32
		{43D27D5B-A48F-400C-9CDE-2277250D076E}.Debug|Any CPU.ActiveCfg = Debug|x64
		{43D27D5B-A48F-400C-9CDE-2277250D076E}.Debug|Any CPU.Build.0 = Debug|x64
		{43D27D5B-A48F-400C-9CDE-2277250D076E}.Debug|x64.ActiveCfg = Debug|x64
		{43D27D5B-A48F-400C-9CDE-2277250D076E}.Debug|x64.Build.0 = Debug|x64
		{43D27D5B-A48F-400C-9CDE-2277250D076E}.Debug|x86.ActiveCfg = Debug|Win32
		{43D27D5B-A48F-400C-9CDE-2277250D076E}.Release|Any CPU.ActiveCfg = Release|x64
		{43D27D5B-A48F-400C-9CDE-2277250D076E}.Release|Any CPU.Build.0 = Release|x64
		{43D27D5B-A48F-400C-9CDE-2277250D076E}.Release|x64.ActiveCfg = Release|x64
		{43D27D5B-A48F-400C-9CDE-2277250D076E}.Release|x64.Build.0 = Release|x64
		{43D27D5B-A48F-400C-9CDE-2277250D076E}.Release|x86.ActiveCfg = Release|Win32
		{BBD5C6F4-CABE-422B-8D28-1BED1344343B}.Debug|Any CPU.ActiveCfg = Debug|Any CPU
		{BBD5C6F4-CABE-422B-8D28-1BED1344343B}.Debug|Any CPU.Build.0 = Debug|Any CPU
		{BBD5C6F4-CABE-422B-8D28-1BED1344343B}.Debug|x64.ActiveCfg = Debug|Any CPU
		{BBD5C6F4-CABE-422B-8D28-1BED1344343B}.Debug|x64.Build.0 = Debug|Any CPU
		{BBD5C6F4-CABE-422B-8D28-1BED1344343B}.Debug|x86.ActiveCfg = Debug|Any CPU
		{BBD5C6F4-CABE-422B-8D28-1BED1344343B}.Release|Any CPU.ActiveCfg = Release|Any CPU
		{BBD5C6F4-CABE-422B-8D28-1BED1344343B}.Release|Any CPU.Build.0 = Release|Any CPU
		{BBD5C6F4-CABE-422B-8D28-1BED1344343B}.Release|x64.ActiveCfg = Release|Any CPU
		{BBD5C6F4-CABE-422B-8D28-1BED1344343B}.Release|x64.Build.0 = Release|Any CPU
		{BBD5C6F4-CABE-422B-8D28-1BED1344343B}.Release|x86.ActiveCfg = Release|Any CPU
		{E5168C5A-3CB1-4E74-B4FA-7F0A8E3F0C24}.Debug|Any CPU.ActiveCfg = Debug|Any CPU
		{E5168C5A-3CB1-4E74-B4FA-7F0A8E3F0C24}.Debug|Any CPU.Build.0 = Debug|Any CPU
		{E5168C5A-3CB1-4E74-B4FA-7F0A8E3F0C24}.Debug|x64.ActiveCfg = Debug|Any CPU
		{E5168C5A-3CB1-4E74-B4FA-7F0A8E3F0C24}.Debug|x64.Build.0 = Debug|Any CPU
		{E5168C5A-3CB1-4E74-B4FA-7F0A8E3F0C24}.Debug|x86.ActiveCfg = Debug|Any CPU
		{E5168C5A-3CB1-4E74-B4FA-7F0A8E3F0C24}.Debug|x86.Build.0 = Debug|Any CPU
		{E5168C5A-3CB1-4E74-B4FA-7F0A8E3F0C24}.Release|Any CPU.ActiveCfg = Release|Any CPU
		{E5168C5A-3CB1-4E74-B4FA-7F0A8E3F0C24}.Release|Any CPU.Build.0 = Release|Any CPU
		{E5168C5A-3CB1-4E74-B4FA-7F0A8E3F0C24}.Release|x64.ActiveCfg = Release|Any CPU
		{E5168C5A-3CB1-4E74-B4FA-7F0A8E3F0C24}.Release|x64.Build.0 = Release|Any CPU
		{E5168C5A-3CB1-4E74-B4FA-7F0A8E3F0C24}.Release|x86.ActiveCfg = Release|Any CPU
		{E5168C5A-3CB1-4E74-B4FA-7F0A8E3F0C24}.Release|x86.Build.0 = Release|Any CPU
		{2C1BA4C0-B7B7-4F3B-A879-DA45D337E395}.Debug|Any CPU.ActiveCfg = Debug|Win32
		{2C1BA4C0-B7B7-4F3B-A879-DA45D337E395}.Debug|x64.ActiveCfg = Debug|x64
		{2C1BA4C0-B7B7-4F3B-A879-DA45D337E395}.Debug|x64.Build.0 = Debug|x64
		{2C1BA4C0-B7B7-4F3B-A879-DA45D337E395}.Debug|x86.ActiveCfg = Debug|Win32
		{2C1BA4C0-B7B7-4F3B-A879-DA45D337E395}.Debug|x86.Build.0 = Debug|Win32
		{2C1BA4C0-B7B7-4F3B-A879-DA45D337E395}.Release|Any CPU.ActiveCfg = Release|Win32
		{2C1BA4C0-B7B7-4F3B-A879-DA45D337E395}.Release|x64.ActiveCfg = Release|x64
		{2C1BA4C0-B7B7-4F3B-A879-DA45D337E395}.Release|x64.Build.0 = Release|x64
		{2C1BA4C0-B7B7-4F3B-A879-DA45D337E395}.Release|x86.ActiveCfg = Release|Win32
		{2C1BA4C0-B7B7-4F3B-A879-DA45D337E395}.Release|x86.Build.0 = Release|Win32
		{DA7A77E5-AE7B-4B09-AB7A-FCA7CDB16484}.Debug|Any CPU.ActiveCfg = Debug|Win32
		{DA7A77E5-AE7B-4B09-AB7A-FCA7CDB16484}.Debug|x64.ActiveCfg = Debug|x64
		{DA7A77E5-AE7B-4B09-AB7A-FCA7CDB16484}.Debug|x64.Build.0 = Debug|x64
		{DA7A77E5-AE7B-4B09-AB7A-FCA7CDB16484}.Debug|x86.ActiveCfg = Debug|Win32
		{DA7A77E5-AE7B-4B09-AB7A-FCA7CDB16484}.Debug|x86.Build.0 = Debug|Win32
		{DA7A77E5-AE7B-4B09-AB7A-FCA7CDB16484}.Release|Any CPU.ActiveCfg = Release|Win32
		{DA7A77E5-AE7B-4B09-AB7A-FCA7CDB16484}.Release|x64.ActiveCfg = Release|x64
		{DA7A77E5-AE7B-4B09-AB7A-FCA7CDB16484}.Release|x64.Build.0 = Release|x64
		{DA7A77E5-AE7B-4B09-AB7A-FCA7CDB16484}.Release|x86.ActiveCfg = Release|Win32
		{DA7A77E5-AE7B-4B09-AB7A-FCA7CDB16484}.Release|x86.Build.0 = Release|Win32
	EndGlobalSection
	GlobalSection(SolutionProperties) = preSolution
		HideSolutionNode = FALSE
	EndGlobalSection
	GlobalSection(ExtensibilityGlobals) = postSolution
		SolutionGuid = {92EDBD25-EFA3-4A0D-A9F5-8F4553C234EF}
	EndGlobalSection
EndGlobal
