<?xml version="1.0" encoding="utf-8"?>
<Project ToolsVersion="4.0" xmlns="http://schemas.microsoft.com/developer/msbuild/2003">
  <ItemGroup>
    <Filter Include="Source Files">
      <UniqueIdentifier>{4FC737F1-C7A5-4376-A066-2A32D752A2FF}</UniqueIdentifier>
      <Extensions>cpp;c;cc;cxx;def;odl;idl;hpj;bat;asm;asmx</Extensions>
    </Filter>
    <Filter Include="Header Files">
      <UniqueIdentifier>{93995380-89BD-4b04-88EB-625FBE52EBFB}</UniqueIdentifier>
      <Extensions>h;hh;hpp;hxx;hm;inl;inc;ipp;xsd</Extensions>
    </Filter>
    <Filter Include="Resource Files">
      <UniqueIdentifier>{67DA6AB6-F800-4c08-8B7A-83BB121AAD01}</UniqueIdentifier>
      <Extensions>rc;ico;cur;bmp;dlg;rc2;rct;bin;rgs;gif;jpg;jpeg;jpe;resx;tiff;tif;png;wav;mfcribbon-ms</Extensions>
    </Filter>
    <Filter Include="Libraries">
      <UniqueIdentifier>{bbfc658e-3128-41c8-bdc2-3c39ba751d96}</UniqueIdentifier>
    </Filter>
    <Filter Include="Libraries\gl3w">
      <UniqueIdentifier>{5fa08140-d82e-4ef2-bf1e-48c01464d5ad}</UniqueIdentifier>
    </Filter>
    <Filter Include="Libraries\imgui">
      <UniqueIdentifier>{fc12e4fb-58c4-4cce-9ba9-9b81b7075ce1}</UniqueIdentifier>
    </Filter>
    <Filter Include="Libraries\detours">
      <UniqueIdentifier>{545ea168-58d3-4f51-86a8-4c223060a31d}</UniqueIdentifier>
    </Filter>
    <Filter Include="Header Files\plugins">
      <UniqueIdentifier>{a392c879-6adb-4512-88ee-1e5b45cc2842}</UniqueIdentifier>
    </Filter>
    <Filter Include="Source Files\plugins">
      <UniqueIdentifier>{f5bf4c45-107c-43d7-a0e4-3e70c94892f1}</UniqueIdentifier>
    </Filter>
    <Filter Include="Libraries\tinyxml2">
      <UniqueIdentifier>{b6d49ef2-5805-423d-b5de-98ee0419f17c}</UniqueIdentifier>
    </Filter>
  </ItemGroup>
  <ItemGroup>
    <ClCompile Include="main.cpp">
      <Filter>Source Files</Filter>
    </ClCompile>
    <ClCompile Include="..\lib\gl3w\GL\gl3w.c">
      <Filter>Libraries\gl3w</Filter>
    </ClCompile>
    <ClCompile Include="render_opengl.cpp">
      <Filter>Source Files</Filter>
    </ClCompile>
    <ClCompile Include="render_text.cpp">
      <Filter>Source Files</Filter>
    </ClCompile>
    <ClCompile Include="render_cube.cpp">
      <Filter>Source Files</Filter>
    </ClCompile>
    <ClCompile Include="tas_overlay.cpp">
      <Filter>Source Files</Filter>
    </ClCompile>
    <ClCompile Include="halo_engine.cpp">
      <Filter>Source Files</Filter>
    </ClCompile>
    <ClCompile Include="livesplit.cpp">
      <Filter>Source Files</Filter>
    </ClCompile>
    <ClCompile Include="tas_input_handler.cpp">
      <Filter>Source Files</Filter>
    </ClCompile>
    <ClCompile Include="tas_info_window.cpp">
      <Filter>Source Files</Filter>
    </ClCompile>
    <ClCompile Include="gameobject.cpp">
      <Filter>Source Files</Filter>
    </ClCompile>
    <ClCompile Include="tas_input.cpp">
      <Filter>Source Files</Filter>
    </ClCompile>
    <ClCompile Include="helpers.cpp">
      <Filter>Source Files</Filter>
    </ClCompile>
    <ClCompile Include="render_d3d9.cpp">
      <Filter>Source Files</Filter>
    </ClCompile>
    <ClCompile Include="tas_logger.cpp">
      <Filter>Source Files</Filter>
    </ClCompile>
    <ClCompile Include="tas_options.cpp">
      <Filter>Source Files</Filter>
    </ClCompile>
    <ClCompile Include="randomizer.cpp">
      <Filter>Source Files</Filter>
    </ClCompile>
    <ClCompile Include="..\include\imgui\imgui_widgets.cpp">
      <Filter>Libraries\imgui</Filter>
    </ClCompile>
    <ClCompile Include="..\include\imgui\imgui.cpp">
      <Filter>Libraries\imgui</Filter>
    </ClCompile>
    <ClCompile Include="..\include\imgui\imgui_demo.cpp">
      <Filter>Libraries\imgui</Filter>
    </ClCompile>
    <ClCompile Include="..\include\imgui\imgui_draw.cpp">
      <Filter>Libraries\imgui</Filter>
    </ClCompile>
    <ClCompile Include="..\include\imgui\imgui_impl_glfw.cpp">
      <Filter>Libraries\imgui</Filter>
    </ClCompile>
    <ClCompile Include="..\include\imgui\imgui_impl_opengl3.cpp">
      <Filter>Libraries\imgui</Filter>
    </ClCompile>
    <ClCompile Include="hotkeys.cpp">
      <Filter>Source Files</Filter>
    </ClCompile>
    <ClCompile Include="plugin_loader.cpp">
      <Filter>Source Files\plugins</Filter>
    </ClCompile>
    <ClCompile Include="plugin.cpp">
      <Filter>Source Files\plugins</Filter>
    </ClCompile>
    <ClCompile Include="tinyxml2.cpp">
      <Filter>Libraries\tinyxml2</Filter>
    </ClCompile>
    <ClCompile Include="halo_map_data.cpp">
      <Filter>Source Files\plugins</Filter>
    </ClCompile>
    <ClCompile Include="tas_hooks.cpp">
      <Filter>Source Files</Filter>
    </ClCompile>
  </ItemGroup>
  <ItemGroup>
    <ClInclude Include="..\lib\gl3w\GL\gl3w.h">
      <Filter>Libraries\gl3w</Filter>
    </ClInclude>
    <ClInclude Include="..\lib\gl3w\GL\glcorearb.h">
      <Filter>Libraries\gl3w</Filter>
    </ClInclude>
    <ClInclude Include="halo_constants.h">
      <Filter>Header Files</Filter>
    </ClInclude>
    <ClInclude Include="render_opengl.h">
      <Filter>Header Files</Filter>
    </ClInclude>
    <ClInclude Include="render_text.h">
      <Filter>Header Files</Filter>
    </ClInclude>
    <ClInclude Include="render_cube.h">
      <Filter>Header Files</Filter>
    </ClInclude>
    <ClInclude Include="tas_overlay.h">
      <Filter>Header Files</Filter>
    </ClInclude>
    <ClInclude Include="halo_engine.h">
      <Filter>Header Files</Filter>
    </ClInclude>
    <ClInclude Include="gameobject.h">
      <Filter>Header Files</Filter>
    </ClInclude>
    <ClInclude Include="livesplit.h">
      <Filter>Header Files</Filter>
    </ClInclude>
    <ClInclude Include="tas_input_handler.h">
      <Filter>Header Files</Filter>
    </ClInclude>
    <ClInclude Include="tas_info_window.h">
      <Filter>Header Files</Filter>
    </ClInclude>
    <ClInclude Include="tas_input.h">
      <Filter>Header Files</Filter>
    </ClInclude>
    <ClInclude Include="helpers.h">
      <Filter>Header Files</Filter>
    </ClInclude>
    <ClInclude Include="render_d3d9.h">
      <Filter>Header Files</Filter>
    </ClInclude>
    <ClInclude Include="tiny_obj_loader.h">
      <Filter>Header Files</Filter>
    </ClInclude>
    <ClInclude Include="tas_logger.h">
      <Filter>Header Files</Filter>
    </ClInclude>
    <ClInclude Include="tas_options.h">
      <Filter>Header Files</Filter>
    </ClInclude>
    <ClInclude Include="randomizer.h">
      <Filter>Header Files</Filter>
    </ClInclude>
    <ClInclude Include="..\include\imgui\imgui_internal.h">
      <Filter>Libraries\imgui</Filter>
    </ClInclude>
    <ClInclude Include="..\include\imgui\imstb_rectpack.h">
      <Filter>Libraries\imgui</Filter>
    </ClInclude>
    <ClInclude Include="..\include\imgui\imstb_textedit.h">
      <Filter>Libraries\imgui</Filter>
    </ClInclude>
    <ClInclude Include="..\include\imgui\imstb_truetype.h">
      <Filter>Libraries\imgui</Filter>
    </ClInclude>
    <ClInclude Include="..\include\imgui\stb_rect_pack.h">
      <Filter>Libraries\imgui</Filter>
    </ClInclude>
    <ClInclude Include="..\include\imgui\stb_textedit.h">
      <Filter>Libraries\imgui</Filter>
    </ClInclude>
    <ClInclude Include="..\include\imgui\stb_truetype.h">
      <Filter>Libraries\imgui</Filter>
    </ClInclude>
    <ClInclude Include="..\include\imgui\imconfig.h">
      <Filter>Libraries\imgui</Filter>
    </ClInclude>
    <ClInclude Include="..\include\imgui\imgui.h">
      <Filter>Libraries\imgui</Filter>
    </ClInclude>
    <ClInclude Include="..\include\imgui\imgui_impl_glfw.h">
      <Filter>Libraries\imgui</Filter>
    </ClInclude>
    <ClInclude Include="..\include\imgui\imgui_impl_opengl3.h">
      <Filter>Libraries\imgui</Filter>
    </ClInclude>
    <ClInclude Include="..\include\detours\detours.h">
      <Filter>Libraries\detours</Filter>
    </ClInclude>
    <ClInclude Include="hotkeys.h">
      <Filter>Header Files</Filter>
    </ClInclude>
    <ClInclude Include="plugin_loader.h">
      <Filter>Header Files\plugins</Filter>
    </ClInclude>
    <ClInclude Include="plugin.h">
      <Filter>Header Files\plugins</Filter>
    </ClInclude>
    <ClInclude Include="tinyxml2.h">
      <Filter>Libraries\tinyxml2</Filter>
    </ClInclude>
    <ClInclude Include="halo_map_data.h">
      <Filter>Header Files\plugins</Filter>
    </ClInclude>
    <ClInclude Include="tas_hooks.h">
      <Filter>Header Files</Filter>
    </ClInclude>
  </ItemGroup>
</Project>